<?xml version="1.0" encoding="utf-8"?>
<Project ToolsVersion="4.0" xmlns="http://schemas.microsoft.com/developer/msbuild/2003">
  <ItemGroup>
    <Filter Include="src">
      <UniqueIdentifier>{5ee3745d-f347-4a58-ae3f-330fa1c51528}</UniqueIdentifier>
    </Filter>
    <Filter Include="include">
      <UniqueIdentifier>{5440f060-5670-4f5f-b53c-92bcd64ac483}</UniqueIdentifier>
    </Filter>
    <Filter Include="include\ar2_arm_interface">
      <UniqueIdentifier>{9d938c48-2ea5-494d-a73f-687f5a4ac91b}</UniqueIdentifier>
    </Filter>
    <Filter Include="src\sdk">
      <UniqueIdentifier>{b237759d-a041-4304-a169-3995be8d2858}</UniqueIdentifier>
    </Filter>
  </ItemGroup>
  <ItemGroup>
    <ClCompile Include="src\ar2_arm_interface_node.cpp">
      <Filter>src</Filter>
    </ClCompile>
    <ClCompile Include="src\sdk\whi_arm_hardware_base.cpp">
      <Filter>src\sdk</Filter>
    </ClCompile>
    <ClCompile Include="src\sdk\ar2_arm_hardware.cpp">
      <Filter>src\sdk</Filter>
    </ClCompile>
    <ClCompile Include="src\sdk\driver_serial.cpp">
      <Filter>src\sdk</Filter>
    </ClCompile>
    <ClCompile Include="src\sdk\driver_rosserial.cpp">
      <Filter>src\sdk</Filter>
    </ClCompile>
  </ItemGroup>
  <ItemGroup>
    <ClInclude Include="include\ar2_arm_interface\whi_arm_hardware_base.h">
      <Filter>include\ar2_arm_interface</Filter>
    </ClInclude>
    <ClInclude Include="include\ar2_arm_interface\ar2_arm_hardware.h">
      <Filter>include\ar2_arm_interface</Filter>
    </ClInclude>
    <ClInclude Include="include\ar2_arm_interface\driver_serial.h">
      <Filter>include\ar2_arm_interface</Filter>
    </ClInclude>
    <ClInclude Include="include\ar2_arm_interface\driver_base.h">
      <Filter>include\ar2_arm_interface</Filter>
    </ClInclude>
    <ClInclude Include="include\ar2_arm_interface\rotary_encoder_base.h">
      <Filter>include\ar2_arm_interface</Filter>
    </ClInclude>
    <ClInclude Include="include\ar2_arm_interface\driver_rosserial.h">
      <Filter>include\ar2_arm_interface</Filter>
    </ClInclude>
  </ItemGroup>
</Project>